
Microsoft Visual Studio Solution File, Format Version 12.00
# Visual Studio Version 17
VisualStudioVersion = 17.2.32616.157
MinimumVisualStudioVersion = 10.0.40219.1
Project("{FAE04EC0-301F-11D3-BF4B-00C04F79EFBC}") = "Codra", "Codra\Codra.csproj", "{45210300-495B-4E3B-B96D-9246141705F9}"
EndProject
Global
	GlobalSection(SolutionConfigurationPlatforms) = preSolution
		Debug|Any CPU = Debug|Any CPU
		Release|Any CPU = Release|Any CPU
	EndGlobalSection
	GlobalSection(ProjectConfigurationPlatforms) = postSolution
		{45210300-495B-4E3B-B96D-9246141705F9}.Debug|Any CPU.ActiveCfg = Debug|Any CPU
		{45210300-495B-4E3B-B96D-9246141705F9}.Debug|Any CPU.Build.0 = Debug|Any CPU
		{45210300-495B-4E3B-B96D-9246141705F9}.Release|Any CPU.ActiveCfg = Release|Any CPU
		{45210300-495B-4E3B-B96D-9246141705F9}.Release|Any CPU.Build.0 = Release|Any CPU
	EndGlobalSection
	GlobalSection(SolutionProperties) = preSolution
		HideSolutionNode = FALSE
	EndGlobalSection
	GlobalSection(ExtensibilityGlobals) = postSolution
		SolutionGuid = {AFF2DBA3-7118-4261-8C41-3ADE5188CEC5}
	EndGlobalSection
EndGlobal
